
Microsoft Visual Studio Solution File, Format Version 12.00
# Visual Studio Version 17
VisualStudioVersion = 17.0.31903.59
MinimumVisualStudioVersion = 10.0.40219.1
Project("{9A19103F-16F7-4668-BE54-9A1E7A4F7556}") = "Flowly.Api", "..\Flowly.Api\Flowly.Api.csproj", "{21EAA80A-215C-4085-BB8A-D3C5EF0B1CCD}"
EndProject
Project("{9A19103F-16F7-4668-BE54-9A1E7A4F7556}") = "Cartographie", "Cartographie.csproj", "{416E39F1-0B70-4778-B2F3-E4F5589ABBAA}"
	ProjectSection(ProjectDependencies) = postProject
		{18143217-A43F-4E70-A0B9-30C554682DD7} = {18143217-A43F-4E70-A0B9-30C554682DD7}
	EndProjectSection
EndProject
Project("{9A19103F-16F7-4668-BE54-9A1E7A4F7556}") = "BlazorLeaflet", "..\BlazorLeaflet_Flowly\BlazorLeaflet\BlazorLeaflet\BlazorLeaflet.csproj", "{18143217-A43F-4E70-A0B9-30C554682DD7}"
EndProject
Global
	GlobalSection(SolutionConfigurationPlatforms) = preSolution
		Debug|Any CPU = Debug|Any CPU
		Release|Any CPU = Release|Any CPU
	EndGlobalSection
	GlobalSection(ProjectConfigurationPlatforms) = postSolution
		{21EAA80A-215C-4085-BB8A-D3C5EF0B1CCD}.Debug|Any CPU.ActiveCfg = Debug|Any CPU
		{21EAA80A-215C-4085-BB8A-D3C5EF0B1CCD}.Debug|Any CPU.Build.0 = Debug|Any CPU
		{21EAA80A-215C-4085-BB8A-D3C5EF0B1CCD}.Release|Any CPU.ActiveCfg = Release|Any CPU
		{21EAA80A-215C-4085-BB8A-D3C5EF0B1CCD}.Release|Any CPU.Build.0 = Release|Any CPU
		{416E39F1-0B70-4778-B2F3-E4F5589ABBAA}.Debug|Any CPU.ActiveCfg = Debug|Any CPU
		{416E39F1-0B70-4778-B2F3-E4F5589ABBAA}.Debug|Any CPU.Build.0 = Debug|Any CPU
		{416E39F1-0B70-4778-B2F3-E4F5589ABBAA}.Release|Any CPU.ActiveCfg = Release|Any CPU
		{416E39F1-0B70-4778-B2F3-E4F5589ABBAA}.Release|Any CPU.Build.0 = Release|Any CPU
		{18143217-A43F-4E70-A0B9-30C554682DD7}.Debug|Any CPU.ActiveCfg = Debug|Any CPU
		{18143217-A43F-4E70-A0B9-30C554682DD7}.Debug|Any CPU.Build.0 = Debug|Any CPU
		{18143217-A43F-4E70-A0B9-30C554682DD7}.Release|Any CPU.ActiveCfg = Release|Any CPU
		{18143217-A43F-4E70-A0B9-30C554682DD7}.Release|Any CPU.Build.0 = Release|Any CPU
	EndGlobalSection
	GlobalSection(SolutionProperties) = preSolution
		HideSolutionNode = FALSE
	EndGlobalSection
	GlobalSection(ExtensibilityGlobals) = postSolution
		SolutionGuid = {8B43E581-34C8-4B42-9077-D9F06295FF4E}
	EndGlobalSection
EndGlobal
